
Microsoft Visual Studio Solution File, Format Version 12.00
# Visual Studio 2012
Project("{FAE04EC0-301F-11D3-BF4B-00C04F79EFBC}") = "DatesGap", "DatesGap\DatesGap.csproj", "{054ABC44-7A4F-4DDB-9529-B394A75912E0}"
EndProject
Project("{FAE04EC0-301F-11D3-BF4B-00C04F79EFBC}") = "DatesGap.Tests", "DatesGap.Tests\DatesGap.Tests.csproj", "{47641D9E-A6EE-4C10-A3C8-2D43666F8857}"
EndProject
Global
	GlobalSection(SolutionConfigurationPlatforms) = preSolution
		Debug|Any CPU = Debug|Any CPU
		Release|Any CPU = Release|Any CPU
	EndGlobalSection
	GlobalSection(ProjectConfigurationPlatforms) = postSolution
		{054ABC44-7A4F-4DDB-9529-B394A75912E0}.Debug|Any CPU.ActiveCfg = Debug|Any CPU
		{054ABC44-7A4F-4DDB-9529-B394A75912E0}.Debug|Any CPU.Build.0 = Debug|Any CPU
		{054ABC44-7A4F-4DDB-9529-B394A75912E0}.Release|Any CPU.ActiveCfg = Release|Any CPU
		{054ABC44-7A4F-4DDB-9529-B394A75912E0}.Release|Any CPU.Build.0 = Release|Any CPU
		{47641D9E-A6EE-4C10-A3C8-2D43666F8857}.Debug|Any CPU.ActiveCfg = Debug|Any CPU
		{47641D9E-A6EE-4C10-A3C8-2D43666F8857}.Debug|Any CPU.Build.0 = Debug|Any CPU
		{47641D9E-A6EE-4C10-A3C8-2D43666F8857}.Release|Any CPU.ActiveCfg = Release|Any CPU
		{47641D9E-A6EE-4C10-A3C8-2D43666F8857}.Release|Any CPU.Build.0 = Release|Any CPU
	EndGlobalSection
EndGlobal
